
Microsoft Visual Studio Solution File, Format Version 12.00
# Visual Studio Version 16
VisualStudioVersion = 16.0.30114.105
MinimumVisualStudioVersion = 10.0.40219.1
Project("{2150E333-8FDC-42A3-9474-1A3956D46DE8}") = "GNB.WebService", "GNB.WebService", "{3C35F521-D6FF-42A4-A1D3-611CF89122F7}"
EndProject
Project("{9A19103F-16F7-4668-BE54-9A1E7A4F7556}") = "GNB.Api", "GNB.WebService\gnb.api\GNB.Api.csproj", "{083A9755-B8D4-48CE-B517-D237A1C0EC4D}"
EndProject
Project("{9A19103F-16F7-4668-BE54-9A1E7A4F7556}") = "GNB.Domain.Entities", "GNB.WebService\GNB.Domain.Entities\GNB.Domain.Entities.csproj", "{65CCE923-0AA5-469F-9849-9C603F8EE980}"
EndProject
Project("{9A19103F-16F7-4668-BE54-9A1E7A4F7556}") = "GNB.Application", "GNB.WebService\GNB.Application\GNB.Application.csproj", "{7ADB1569-3697-40B3-9785-FBC4E781445B}"
EndProject
Project("{9A19103F-16F7-4668-BE54-9A1E7A4F7556}") = "GNB.Infrastructure", "GNB.WebService\GNB.Infrastructure\GNB.Infrastructure.csproj", "{91A746E3-1746-400B-8305-023B0772198E}"
EndProject
Project("{9A19103F-16F7-4668-BE54-9A1E7A4F7556}") = "GNB.Domain", "GNB.WebService\GNB.Domain\GNB.Domain.csproj", "{4D6C0B12-B7F5-4F8E-987F-1B18E1E6E459}"
EndProject
Global
	GlobalSection(SolutionConfigurationPlatforms) = preSolution
		Debug|Any CPU = Debug|Any CPU
		Debug|x64 = Debug|x64
		Debug|x86 = Debug|x86
		Release|Any CPU = Release|Any CPU
		Release|x64 = Release|x64
		Release|x86 = Release|x86
	EndGlobalSection
	GlobalSection(ProjectConfigurationPlatforms) = postSolution
		{083A9755-B8D4-48CE-B517-D237A1C0EC4D}.Debug|Any CPU.ActiveCfg = Debug|Any CPU
		{083A9755-B8D4-48CE-B517-D237A1C0EC4D}.Debug|Any CPU.Build.0 = Debug|Any CPU
		{083A9755-B8D4-48CE-B517-D237A1C0EC4D}.Debug|x64.ActiveCfg = Debug|Any CPU
		{083A9755-B8D4-48CE-B517-D237A1C0EC4D}.Debug|x64.Build.0 = Debug|Any CPU
		{083A9755-B8D4-48CE-B517-D237A1C0EC4D}.Debug|x86.ActiveCfg = Debug|Any CPU
		{083A9755-B8D4-48CE-B517-D237A1C0EC4D}.Debug|x86.Build.0 = Debug|Any CPU
		{083A9755-B8D4-48CE-B517-D237A1C0EC4D}.Release|Any CPU.ActiveCfg = Release|Any CPU
		{083A9755-B8D4-48CE-B517-D237A1C0EC4D}.Release|Any CPU.Build.0 = Release|Any CPU
		{083A9755-B8D4-48CE-B517-D237A1C0EC4D}.Release|x64.ActiveCfg = Release|Any CPU
		{083A9755-B8D4-48CE-B517-D237A1C0EC4D}.Release|x64.Build.0 = Release|Any CPU
		{083A9755-B8D4-48CE-B517-D237A1C0EC4D}.Release|x86.ActiveCfg = Release|Any CPU
		{083A9755-B8D4-48CE-B517-D237A1C0EC4D}.Release|x86.Build.0 = Release|Any CPU
		{65CCE923-0AA5-469F-9849-9C603F8EE980}.Debug|Any CPU.ActiveCfg = Debug|Any CPU
		{65CCE923-0AA5-469F-9849-9C603F8EE980}.Debug|Any CPU.Build.0 = Debug|Any CPU
		{65CCE923-0AA5-469F-9849-9C603F8EE980}.Debug|x64.ActiveCfg = Debug|Any CPU
		{65CCE923-0AA5-469F-9849-9C603F8EE980}.Debug|x64.Build.0 = Debug|Any CPU
		{65CCE923-0AA5-469F-9849-9C603F8EE980}.Debug|x86.ActiveCfg = Debug|Any CPU
		{65CCE923-0AA5-469F-9849-9C603F8EE980}.Debug|x86.Build.0 = Debug|Any CPU
		{65CCE923-0AA5-469F-9849-9C603F8EE980}.Release|Any CPU.ActiveCfg = Release|Any CPU
		{65CCE923-0AA5-469F-9849-9C603F8EE980}.Release|Any CPU.Build.0 = Release|Any CPU
		{65CCE923-0AA5-469F-9849-9C603F8EE980}.Release|x64.ActiveCfg = Release|Any CPU
		{65CCE923-0AA5-469F-9849-9C603F8EE980}.Release|x64.Build.0 = Release|Any CPU
		{65CCE923-0AA5-469F-9849-9C603F8EE980}.Release|x86.ActiveCfg = Release|Any CPU
		{65CCE923-0AA5-469F-9849-9C603F8EE980}.Release|x86.Build.0 = Release|Any CPU
		{7ADB1569-3697-40B3-9785-FBC4E781445B}.Debug|Any CPU.ActiveCfg = Debug|Any CPU
		{7ADB1569-3697-40B3-9785-FBC4E781445B}.Debug|Any CPU.Build.0 = Debug|Any CPU
		{7ADB1569-3697-40B3-9785-FBC4E781445B}.Debug|x64.ActiveCfg = Debug|Any CPU
		{7ADB1569-3697-40B3-9785-FBC4E781445B}.Debug|x64.Build.0 = Debug|Any CPU
		{7ADB1569-3697-40B3-9785-FBC4E781445B}.Debug|x86.ActiveCfg = Debug|Any CPU
		{7ADB1569-3697-40B3-9785-FBC4E781445B}.Debug|x86.Build.0 = Debug|Any CPU
		{7ADB1569-3697-40B3-9785-FBC4E781445B}.Release|Any CPU.ActiveCfg = Release|Any CPU
		{7ADB1569-3697-40B3-9785-FBC4E781445B}.Release|Any CPU.Build.0 = Release|Any CPU
		{7ADB1569-3697-40B3-9785-FBC4E781445B}.Release|x64.ActiveCfg = Release|Any CPU
		{7ADB1569-3697-40B3-9785-FBC4E781445B}.Release|x64.Build.0 = Release|Any CPU
		{7ADB1569-3697-40B3-9785-FBC4E781445B}.Release|x86.ActiveCfg = Release|Any CPU
		{7ADB1569-3697-40B3-9785-FBC4E781445B}.Release|x86.Build.0 = Release|Any CPU
		{91A746E3-1746-400B-8305-023B0772198E}.Debug|Any CPU.ActiveCfg = Debug|Any CPU
		{91A746E3-1746-400B-8305-023B0772198E}.Debug|Any CPU.Build.0 = Debug|Any CPU
		{91A746E3-1746-400B-8305-023B0772198E}.Debug|x64.ActiveCfg = Debug|Any CPU
		{91A746E3-1746-400B-8305-023B0772198E}.Debug|x64.Build.0 = Debug|Any CPU
		{91A746E3-1746-400B-8305-023B0772198E}.Debug|x86.ActiveCfg = Debug|Any CPU
		{91A746E3-1746-400B-8305-023B0772198E}.Debug|x86.Build.0 = Debug|Any CPU
		{91A746E3-1746-400B-8305-023B0772198E}.Release|Any CPU.ActiveCfg = Release|Any CPU
		{91A746E3-1746-400B-8305-023B0772198E}.Release|Any CPU.Build.0 = Release|Any CPU
		{91A746E3-1746-400B-8305-023B0772198E}.Release|x64.ActiveCfg = Release|Any CPU
		{91A746E3-1746-400B-8305-023B0772198E}.Release|x64.Build.0 = Release|Any CPU
		{91A746E3-1746-400B-8305-023B0772198E}.Release|x86.ActiveCfg = Release|Any CPU
		{91A746E3-1746-400B-8305-023B0772198E}.Release|x86.Build.0 = Release|Any CPU
		{4D6C0B12-B7F5-4F8E-987F-1B18E1E6E459}.Debug|Any CPU.ActiveCfg = Debug|Any CPU
		{4D6C0B12-B7F5-4F8E-987F-1B18E1E6E459}.Debug|Any CPU.Build.0 = Debug|Any CPU
		{4D6C0B12-B7F5-4F8E-987F-1B18E1E6E459}.Debug|x64.ActiveCfg = Debug|Any CPU
		{4D6C0B12-B7F5-4F8E-987F-1B18E1E6E459}.Debug|x64.Build.0 = Debug|Any CPU
		{4D6C0B12-B7F5-4F8E-987F-1B18E1E6E459}.Debug|x86.ActiveCfg = Debug|Any CPU
		{4D6C0B12-B7F5-4F8E-987F-1B18E1E6E459}.Debug|x86.Build.0 = Debug|Any CPU
		{4D6C0B12-B7F5-4F8E-987F-1B18E1E6E459}.Release|Any CPU.ActiveCfg = Release|Any CPU
		{4D6C0B12-B7F5-4F8E-987F-1B18E1E6E459}.Release|Any CPU.Build.0 = Release|Any CPU
		{4D6C0B12-B7F5-4F8E-987F-1B18E1E6E459}.Release|x64.ActiveCfg = Release|Any CPU
		{4D6C0B12-B7F5-4F8E-987F-1B18E1E6E459}.Release|x64.Build.0 = Release|Any CPU
		{4D6C0B12-B7F5-4F8E-987F-1B18E1E6E459}.Release|x86.ActiveCfg = Release|Any CPU
		{4D6C0B12-B7F5-4F8E-987F-1B18E1E6E459}.Release|x86.Build.0 = Release|Any CPU
	EndGlobalSection
	GlobalSection(SolutionProperties) = preSolution
		HideSolutionNode = FALSE
	EndGlobalSection
	GlobalSection(NestedProjects) = preSolution
		{083A9755-B8D4-48CE-B517-D237A1C0EC4D} = {3C35F521-D6FF-42A4-A1D3-611CF89122F7}
		{65CCE923-0AA5-469F-9849-9C603F8EE980} = {3C35F521-D6FF-42A4-A1D3-611CF89122F7}
		{7ADB1569-3697-40B3-9785-FBC4E781445B} = {3C35F521-D6FF-42A4-A1D3-611CF89122F7}
		{91A746E3-1746-400B-8305-023B0772198E} = {3C35F521-D6FF-42A4-A1D3-611CF89122F7}
		{4D6C0B12-B7F5-4F8E-987F-1B18E1E6E459} = {3C35F521-D6FF-42A4-A1D3-611CF89122F7}
	EndGlobalSection
	GlobalSection(ExtensibilityGlobals) = postSolution
		SolutionGuid = {67B93774-2345-4C43-B355-7D282E3662EC}
	EndGlobalSection
EndGlobal
